// !$*UTF8*$!
{
	archiveVersion = 1;
	classes = {
	};
	objectVersion = 50;
	objects = {

/* Begin PBXBuildFile section */
		9D7FD2C424CC399C001D72B6 /* ThirdViewController.swift in Sources */ = {isa = PBXBuildFile; fileRef = 9D7FD2C324CC399C001D72B6 /* ThirdViewController.swift */; };
		9D7FD2C624CC5465001D72B6 /* UserInformation.swift in Sources */ = {isa = PBXBuildFile; fileRef = 9D7FD2C524CC5465001D72B6 /* UserInformation.swift */; };
		9D996B0524C9BCF8009ED4C6 /* AppDelegate.swift in Sources */ = {isa = PBXBuildFile; fileRef = 9D996B0424C9BCF8009ED4C6 /* AppDelegate.swift */; };
		9D996B0724C9BCF8009ED4C6 /* SceneDelegate.swift in Sources */ = {isa = PBXBuildFile; fileRef = 9D996B0624C9BCF8009ED4C6 /* SceneDelegate.swift */; };
		9D996B0924C9BCF8009ED4C6 /* ViewController.swift in Sources */ = {isa = PBXBuildFile; fileRef = 9D996B0824C9BCF8009ED4C6 /* ViewController.swift */; };
		9D996B0C24C9BCF8009ED4C6 /* Main.storyboard in Resources */ = {isa = PBXBuildFile; fileRef = 9D996B0A24C9BCF8009ED4C6 /* Main.storyboard */; };
		9D996B0E24C9BCF9009ED4C6 /* Assets.xcassets in Resources */ = {isa = PBXBuildFile; fileRef = 9D996B0D24C9BCF9009ED4C6 /* Assets.xcassets */; };
		9D996B1124C9BCF9009ED4C6 /* LaunchScreen.storyboard in Resources */ = {isa = PBXBuildFile; fileRef = 9D996B0F24C9BCF9009ED4C6 /* LaunchScreen.storyboard */; };
		9D996B1924C9BD22009ED4C6 /* SecondViewController.swift in Sources */ = {isa = PBXBuildFile; fileRef = 9D996B1824C9BD22009ED4C6 /* SecondViewController.swift */; };
/* End PBXBuildFile section */

/* Begin PBXFileReference section */
		9D7FD2C324CC399C001D72B6 /* ThirdViewController.swift */ = {isa = PBXFileReference; lastKnownFileType = sourcecode.swift; path = ThirdViewController.swift; sourceTree = "<group>"; };
		9D7FD2C524CC5465001D72B6 /* UserInformation.swift */ = {isa = PBXFileReference; lastKnownFileType = sourcecode.swift; path = UserInformation.swift; sourceTree = "<group>"; };
		9D996B0124C9BCF8009ED4C6 /* SignUp_v1.app */ = {isa = PBXFileReference; explicitFileType = wrapper.application; includeInIndex = 0; path = SignUp_v1.app; sourceTree = BUILT_PRODUCTS_DIR; };
		9D996B0424C9BCF8009ED4C6 /* AppDelegate.swift */ = {isa = PBXFileReference; lastKnownFileType = sourcecode.swift; path = AppDelegate.swift; sourceTree = "<group>"; };
		9D996B0624C9BCF8009ED4C6 /* SceneDelegate.swift */ = {isa = PBXFileReference; lastKnownFileType = sourcecode.swift; path = SceneDelegate.swift; sourceTree = "<group>"; };
		9D996B0824C9BCF8009ED4C6 /* ViewController.swift */ = {isa = PBXFileReference; lastKnownFileType = sourcecode.swift; path = ViewController.swift; sourceTree = "<group>"; };
		9D996B0B24C9BCF8009ED4C6 /* Base */ = {isa = PBXFileReference; lastKnownFileType = file.storyboard; name = Base; path = Base.lproj/Main.storyboard; sourceTree = "<group>"; };
		9D996B0D24C9BCF9009ED4C6 /* Assets.xcassets */ = {isa = PBXFileReference; lastKnownFileType = folder.assetcatalog; path = Assets.xcassets; sourceTree = "<group>"; };
		9D996B1024C9BCF9009ED4C6 /* Base */ = {isa = PBXFileReference; lastKnownFileType = file.storyboard; name = Base; path = Base.lproj/LaunchScreen.storyboard; sourceTree = "<group>"; };
		9D996B1224C9BCF9009ED4C6 /* Info.plist */ = {isa = PBXFileReference; lastKnownFileType = text.plist.xml; path = Info.plist; sourceTree = "<group>"; };
		9D996B1824C9BD22009ED4C6 /* SecondViewController.swift */ = {isa = PBXFileReference; lastKnownFileType = sourcecode.swift; path = SecondViewController.swift; sourceTree = "<group>"; };
/* End PBXFileReference section */

/* Begin PBXFrameworksBuildPhase section */
		9D996AFE24C9BCF8009ED4C6 /* Frameworks */ = {
			isa = PBXFrameworksBuildPhase;
			buildActionMask = 2147483647;
			files = (
			);
			runOnlyForDeploymentPostprocessing = 0;
		};
/* End PBXFrameworksBuildPhase section */

/* Begin PBXGroup section */
		9D996AF824C9BCF8009ED4C6 = {
			isa = PBXGroup;
			children = (
				9D996B0324C9BCF8009ED4C6 /* SignUp_v1 */,
				9D996B0224C9BCF8009ED4C6 /* Products */,
			);
			sourceTree = "<group>";
		};
		9D996B0224C9BCF8009ED4C6 /* Products */ = {
			isa = PBXGroup;
			children = (
				9D996B0124C9BCF8009ED4C6 /* SignUp_v1.app */,
			);
			name = Products;
			sourceTree = "<group>";
		};
		9D996B0324C9BCF8009ED4C6 /* SignUp_v1 */ = {
			isa = PBXGroup;
			children = (
				9D996B0424C9BCF8009ED4C6 /* AppDelegate.swift */,
				9D996B0624C9BCF8009ED4C6 /* SceneDelegate.swift */,
				9D996B0824C9BCF8009ED4C6 /* ViewController.swift */,
				9D996B0A24C9BCF8009ED4C6 /* Main.storyboard */,
				9D7FD2C524CC5465001D72B6 /* UserInformation.swift */,
				9D996B1824C9BD22009ED4C6 /* SecondViewController.swift */,
				9D7FD2C324CC399C001D72B6 /* ThirdViewController.swift */,
				9D996B0D24C9BCF9009ED4C6 /* Assets.xcassets */,
				9D996B0F24C9BCF9009ED4C6 /* LaunchScreen.storyboard */,
				9D996B1224C9BCF9009ED4C6 /* Info.plist */,
			);
			path = SignUp_v1;
			sourceTree = "<group>";
		};
/* End PBXGroup section */

/* Begin PBXNativeTarget section */
		9D996B0024C9BCF8009ED4C6 /* SignUp_v1 */ = {
			isa = PBXNativeTarget;
			buildConfigurationList = 9D996B1524C9BCF9009ED4C6 /* Build configuration list for PBXNativeTarget "SignUp_v1" */;
			buildPhases = (
				9D996AFD24C9BCF8009ED4C6 /* Sources */,
				9D996AFE24C9BCF8009ED4C6 /* Frameworks */,
				9D996AFF24C9BCF8009ED4C6 /* Resources */,
			);
			buildRules = (
			);
			dependencies = (
			);
			name = SignUp_v1;
			productName = SignUp_v1;
			productReference = 9D996B0124C9BCF8009ED4C6 /* SignUp_v1.app */;
			productType = "com.apple.product-type.application";
		};
/* End PBXNativeTarget section */

/* Begin PBXProject section */
		9D996AF924C9BCF8009ED4C6 /* Project object */ = {
			isa = PBXProject;
			attributes = {
				LastSwiftUpdateCheck = 1160;
				LastUpgradeCheck = 1160;
				ORGANIZATIONNAME = "최원석";
				TargetAttributes = {
					9D996B0024C9BCF8009ED4C6 = {
						CreatedOnToolsVersion = 11.6;
					};
				};
			};
			buildConfigurationList = 9D996AFC24C9BCF8009ED4C6 /* Build configuration list for PBXProject "SignUp_v1" */;
			compatibilityVersion = "Xcode 9.3";
			developmentRegion = en;
			hasScannedForEncodings = 0;
			knownRegions = (
				en,
				Base,
			);
			mainGroup = 9D996AF824C9BCF8009ED4C6;
			productRefGroup = 9D996B0224C9BCF8009ED4C6 /* Products */;
			projectDirPath = "";
			projectRoot = "";
			targets = (
				9D996B0024C9BCF8009ED4C6 /* SignUp_v1 */,
			);
		};
/* End PBXProject section */

/* Begin PBXResourcesBuildPhase section */
		9D996AFF24C9BCF8009ED4C6 /* Resources */ = {
			isa = PBXResourcesBuildPhase;
			buildActionMask = 2147483647;
			files = (
				9D996B1124C9BCF9009ED4C6 /* LaunchScreen.storyboard in Resources */,
				9D996B0E24C9BCF9009ED4C6 /* Assets.xcassets in Resources */,
				9D996B0C24C9BCF8009ED4C6 /* Main.storyboard in Resources */,
			);
			runOnlyForDeploymentPostprocessing = 0;
		};
/* End PBXResourcesBuildPhase section */

/* Begin PBXSourcesBuildPhase section */
		9D996AFD24C9BCF8009ED4C6 /* Sources */ = {
			isa = PBXSourcesBuildPhase;
			buildActionMask = 2147483647;
			files = (
				9D996B1924C9BD22009ED4C6 /* SecondViewController.swift in Sources */,
				9D7FD2C624CC5465001D72B6 /* UserInformation.swift in Sources */,
				9D996B0924C9BCF8009ED4C6 /* ViewController.swift in Sources */,
				9D7FD2C424CC399C001D72B6 /* ThirdViewController.swift in Sources */,
				9D996B0524C9BCF8009ED4C6 /* AppDelegate.swift in Sources */,
				9D996B0724C9BCF8009ED4C6 /* SceneDelegate.swift in Sources */,
			);
			runOnlyForDeploymentPostprocessing = 0;
		};
/* End PBXSourcesBuildPhase section */

/* Begin PBXVariantGroup section */
		9D996B0A24C9BCF8009ED4C6 /* Main.storyboard */ = {
			isa = PBXVariantGroup;
			children = (
				9D996B0B24C9BCF8009ED4C6 /* Base */,
			);
			name = Main.storyboard;
			sourceTree = "<group>";
		};
		9D996B0F24C9BCF9009ED4C6 /* LaunchScreen.storyboard */ = {
			isa = PBXVariantGroup;
			children = (
				9D996B1024C9BCF9009ED4C6 /* Base */,
			);
			name = LaunchScreen.storyboard;
			sourceTree = "<group>";
		};
/* End PBXVariantGroup section */

/* Begin XCBuildConfiguration section */
		9D996B1324C9BCF9009ED4C6 /* Debug */ = {
			isa = XCBuildConfiguration;
			buildSettings = {
				ALWAYS_SEARCH_USER_PATHS = NO;
				CLANG_ANALYZER_NONNULL = YES;
				CLANG_ANALYZER_NUMBER_OBJECT_CONVERSION = YES_AGGRESSIVE;
				CLANG_CXX_LANGUAGE_STANDARD = "gnu++14";
				CLANG_CXX_LIBRARY = "libc++";
				CLANG_ENABLE_MODULES = YES;
				CLANG_ENABLE_OBJC_ARC = YES;
				CLANG_ENABLE_OBJC_WEAK = YES;
				CLANG_WARN_BLOCK_CAPTURE_AUTORELEASING = YES;
				CLANG_WARN_BOOL_CONVERSION = YES;
				CLANG_WARN_COMMA = YES;
				CLANG_WARN_CONSTANT_CONVERSION = YES;
				CLANG_WARN_DEPRECATED_OBJC_IMPLEMENTATIONS = YES;
				CLANG_WARN_DIRECT_OBJC_ISA_USAGE = YES_ERROR;
				CLANG_WARN_DOCUMENTATION_COMMENTS = YES;
				CLANG_WARN_EMPTY_BODY = YES;
				CLANG_WARN_ENUM_CONVERSION = YES;
				CLANG_WARN_INFINITE_RECURSION = YES;
				CLANG_WARN_INT_CONVERSION = YES;
				CLANG_WARN_NON_LITERAL_NULL_CONVERSION = YES;
				CLANG_WARN_OBJC_IMPLICIT_RETAIN_SELF = YES;
				CLANG_WARN_OBJC_LITERAL_CONVERSION = YES;
				CLANG_WARN_OBJC_ROOT_CLASS = YES_ERROR;
				CLANG_WARN_RANGE_LOOP_ANALYSIS = YES;
				CLANG_WARN_STRICT_PROTOTYPES = YES;
				CLANG_WARN_SUSPICIOUS_MOVE = YES;
				CLANG_WARN_UNGUARDED_AVAILABILITY = YES_AGGRESSIVE;
				CLANG_WARN_UNREACHABLE_CODE = YES;
				CLANG_WARN__DUPLICATE_METHOD_MATCH = YES;
				COPY_PHASE_STRIP = NO;
				DEBUG_INFORMATION_FORMAT = dwarf;
				ENABLE_STRICT_OBJC_MSGSEND = YES;
				ENABLE_TESTABILITY = YES;
				GCC_C_LANGUAGE_STANDARD = gnu11;
				GCC_DYNAMIC_NO_PIC = NO;
				GCC_NO_COMMON_BLOCKS = YES;
				GCC_OPTIMIZATION_LEVEL = 0;
				GCC_PREPROCESSOR_DEFINITIONS = (
					"DEBUG=1",
					"$(inherited)",
				);
				GCC_WARN_64_TO_32_BIT_CONVERSION = YES;
				GCC_WARN_ABOUT_RETURN_TYPE = YES_ERROR;
				GCC_WARN_UNDECLARED_SELECTOR = YES;
				GCC_WARN_UNINITIALIZED_AUTOS = YES_AGGRESSIVE;
				GCC_WARN_UNUSED_FUNCTION = YES;
				GCC_WARN_UNUSED_VARIABLE = YES;
				IPHONEOS_DEPLOYMENT_TARGET = 13.6;
				MTL_ENABLE_DEBUG_INFO = INCLUDE_SOURCE;
				MTL_FAST_MATH = YES;
				ONLY_ACTIVE_ARCH = YES;
				SDKROOT = iphoneos;
				SWIFT_ACTIVE_COMPILATION_CONDITIONS = DEBUG;
				SWIFT_OPTIMIZATION_LEVEL = "-Onone";
			};
			name = Debug;
		};
		9D996B1424C9BCF9009ED4C6 /* Release */ = {
			isa = XCBuildConfiguration;
			buildSettings = {
				ALWAYS_SEARCH_USER_PATHS = NO;
				CLANG_ANALYZER_NONNULL = YES;
				CLANG_ANALYZER_NUMBER_OBJECT_CONVERSION = YES_AGGRESSIVE;
				CLANG_CXX_LANGUAGE_STANDARD = "gnu++14";
				CLANG_CXX_LIBRARY = "libc++";
				CLANG_ENABLE_MODULES = YES;
				CLANG_ENABLE_OBJC_ARC = YES;
				CLANG_ENABLE_OBJC_WEAK = YES;
				CLANG_WARN_BLOCK_CAPTURE_AUTORELEASING = YES;
				CLANG_WARN_BOOL_CONVERSION = YES;
				CLANG_WARN_COMMA = YES;
				CLANG_WARN_CONSTANT_CONVERSION = YES;
				CLANG_WARN_DEPRECATED_OBJC_IMPLEMENTATIONS = YES;
				CLANG_WARN_DIRECT_OBJC_ISA_USAGE = YES_ERROR;
				CLANG_WARN_DOCUMENTATION_COMMENTS = YES;
				CLANG_WARN_EMPTY_BODY = YES;
				CLANG_WARN_ENUM_CONVERSION = YES;
				CLANG_WARN_INFINITE_RECURSION = YES;
				CLANG_WARN_INT_CONVERSION = YES;
				CLANG_WARN_NON_LITERAL_NULL_CONVERSION = YES;
				CLANG_WARN_OBJC_IMPLICIT_RETAIN_SELF = YES;
				CLANG_WARN_OBJC_LITERAL_CONVERSION = YES;
				CLANG_WARN_OBJC_ROOT_CLASS = YES_ERROR;
				CLANG_WARN_RANGE_LOOP_ANALYSIS = YES;
				CLANG_WARN_STRICT_PROTOTYPES = YES;
				CLANG_WARN_SUSPICIOUS_MOVE = YES;
				CLANG_WARN_UNGUARDED_AVAILABILITY = YES_AGGRESSIVE;
				CLANG_WARN_UNREACHABLE_CODE = YES;
				CLANG_WARN__DUPLICATE_METHOD_MATCH = YES;
				COPY_PHASE_STRIP = NO;
				DEBUG_INFORMATION_FORMAT = "dwarf-with-dsym";
				ENABLE_NS_ASSERTIONS = NO;
				ENABLE_STRICT_OBJC_MSGSEND = YES;
				GCC_C_LANGUAGE_STANDARD = gnu11;
				GCC_NO_COMMON_BLOCKS = YES;
				GCC_WARN_64_TO_32_BIT_CONVERSION = YES;
				GCC_WARN_ABOUT_RETURN_TYPE = YES_ERROR;
				GCC_WARN_UNDECLARED_SELECTOR = YES;
				GCC_WARN_UNINITIALIZED_AUTOS = YES_AGGRESSIVE;
				GCC_WARN_UNUSED_FUNCTION = YES;
				GCC_WARN_UNUSED_VARIABLE = YES;
				IPHONEOS_DEPLOYMENT_TARGET = 13.6;
				MTL_ENABLE_DEBUG_INFO = NO;
				MTL_FAST_MATH = YES;
				SDKROOT = iphoneos;
				SWIFT_COMPILATION_MODE = wholemodule;
				SWIFT_OPTIMIZATION_LEVEL = "-O";
				VALIDATE_PRODUCT = YES;
			};
			name = Release;
		};
		9D996B1624C9BCF9009ED4C6 /* Debug */ = {
			isa = XCBuildConfiguration;
			buildSettings = {
				ASSETCATALOG_COMPILER_APPICON_NAME = AppIcon;
				CODE_SIGN_STYLE = Automatic;
				INFOPLIST_FILE = SignUp_v1/Info.plist;
				LD_RUNPATH_SEARCH_PATHS = (
					"$(inherited)",
					"@executable_path/Frameworks",
				);
				PRODUCT_BUNDLE_IDENTIFIER = "com.wonseok.SignUp-v1";
				PRODUCT_NAME = "$(TARGET_NAME)";
				SWIFT_VERSION = 5.0;
				TARGETED_DEVICE_FAMILY = "1,2";
			};
			name = Debug;
		};
		9D996B1724C9BCF9009ED4C6 /* Release */ = {
			isa = XCBuildConfiguration;
			buildSettings = {
				ASSETCATALOG_COMPILER_APPICON_NAME = AppIcon;
				CODE_SIGN_STYLE = Automatic;
				INFOPLIST_FILE = SignUp_v1/Info.plist;
				LD_RUNPATH_SEARCH_PATHS = (
					"$(inherited)",
					"@executable_path/Frameworks",
				);
				PRODUCT_BUNDLE_IDENTIFIER = "com.wonseok.SignUp-v1";
				PRODUCT_NAME = "$(TARGET_NAME)";
				SWIFT_VERSION = 5.0;
				TARGETED_DEVICE_FAMILY = "1,2";
			};
			name = Release;
		};
/* End XCBuildConfiguration section */

/* Begin XCConfigurationList section */
		9D996AFC24C9BCF8009ED4C6 /* Build configuration list for PBXProject "SignUp_v1" */ = {
			isa = XCConfigurationList;
			buildConfigurations = (
				9D996B1324C9BCF9009ED4C6 /* Debug */,
				9D996B1424C9BCF9009ED4C6 /* Release */,
			);
			defaultConfigurationIsVisible = 0;
			defaultConfigurationName = Release;
		};
		9D996B1524C9BCF9009ED4C6 /* Build configuration list for PBXNativeTarget "SignUp_v1" */ = {
			isa = XCConfigurationList;
			buildConfigurations = (
				9D996B1624C9BCF9009ED4C6 /* Debug */,
				9D996B1724C9BCF9009ED4C6 /* Release */,
			);
			defaultConfigurationIsVisible = 0;
			defaultConfigurationName = Release;
		};
/* End XCConfigurationList section */
	};
	rootObject = 9D996AF924C9BCF8009ED4C6 /* Project object */;
}
