// !$*UTF8*$!
{
	archiveVersion = 1;
	classes = {
	};
	objectVersion = 50;
	objects = {

/* Begin PBXBuildFile section */
		9DE2415924F0CA61006A2D69 /* ImageZoomViewController.swift in Sources */ = {isa = PBXBuildFile; fileRef = 9DE2415824F0CA61006A2D69 /* ImageZoomViewController.swift */; };
		9DEB9EE024EEB010001610D5 /* AppDelegate.swift in Sources */ = {isa = PBXBuildFile; fileRef = 9DEB9EDF24EEB010001610D5 /* AppDelegate.swift */; };
		9DEB9EE224EEB010001610D5 /* SceneDelegate.swift in Sources */ = {isa = PBXBuildFile; fileRef = 9DEB9EE124EEB010001610D5 /* SceneDelegate.swift */; };
		9DEB9EE424EEB010001610D5 /* ViewController.swift in Sources */ = {isa = PBXBuildFile; fileRef = 9DEB9EE324EEB010001610D5 /* ViewController.swift */; };
		9DEB9EE724EEB010001610D5 /* Main.storyboard in Resources */ = {isa = PBXBuildFile; fileRef = 9DEB9EE524EEB010001610D5 /* Main.storyboard */; };
		9DEB9EE924EEB011001610D5 /* Assets.xcassets in Resources */ = {isa = PBXBuildFile; fileRef = 9DEB9EE824EEB011001610D5 /* Assets.xcassets */; };
		9DEB9EEC24EEB011001610D5 /* LaunchScreen.storyboard in Resources */ = {isa = PBXBuildFile; fileRef = 9DEB9EEA24EEB011001610D5 /* LaunchScreen.storyboard */; };
		9DEB9EF424EEBDAB001610D5 /* FirstCollectionViewCell.swift in Sources */ = {isa = PBXBuildFile; fileRef = 9DEB9EF324EEBDAB001610D5 /* FirstCollectionViewCell.swift */; };
/* End PBXBuildFile section */

/* Begin PBXFileReference section */
		9DE2415824F0CA61006A2D69 /* ImageZoomViewController.swift */ = {isa = PBXFileReference; lastKnownFileType = sourcecode.swift; path = ImageZoomViewController.swift; sourceTree = "<group>"; };
		9DEB9EDC24EEB010001610D5 /* MyAlbumV4.app */ = {isa = PBXFileReference; explicitFileType = wrapper.application; includeInIndex = 0; path = MyAlbumV4.app; sourceTree = BUILT_PRODUCTS_DIR; };
		9DEB9EDF24EEB010001610D5 /* AppDelegate.swift */ = {isa = PBXFileReference; lastKnownFileType = sourcecode.swift; path = AppDelegate.swift; sourceTree = "<group>"; };
		9DEB9EE124EEB010001610D5 /* SceneDelegate.swift */ = {isa = PBXFileReference; lastKnownFileType = sourcecode.swift; path = SceneDelegate.swift; sourceTree = "<group>"; };
		9DEB9EE324EEB010001610D5 /* ViewController.swift */ = {isa = PBXFileReference; lastKnownFileType = sourcecode.swift; path = ViewController.swift; sourceTree = "<group>"; };
		9DEB9EE624EEB010001610D5 /* Base */ = {isa = PBXFileReference; lastKnownFileType = file.storyboard; name = Base; path = Base.lproj/Main.storyboard; sourceTree = "<group>"; };
		9DEB9EE824EEB011001610D5 /* Assets.xcassets */ = {isa = PBXFileReference; lastKnownFileType = folder.assetcatalog; path = Assets.xcassets; sourceTree = "<group>"; };
		9DEB9EEB24EEB011001610D5 /* Base */ = {isa = PBXFileReference; lastKnownFileType = file.storyboard; name = Base; path = Base.lproj/LaunchScreen.storyboard; sourceTree = "<group>"; };
		9DEB9EED24EEB011001610D5 /* Info.plist */ = {isa = PBXFileReference; lastKnownFileType = text.plist.xml; path = Info.plist; sourceTree = "<group>"; };
		9DEB9EF324EEBDAB001610D5 /* FirstCollectionViewCell.swift */ = {isa = PBXFileReference; lastKnownFileType = sourcecode.swift; path = FirstCollectionViewCell.swift; sourceTree = "<group>"; };
/* End PBXFileReference section */

/* Begin PBXFrameworksBuildPhase section */
		9DEB9ED924EEB010001610D5 /* Frameworks */ = {
			isa = PBXFrameworksBuildPhase;
			buildActionMask = 2147483647;
			files = (
			);
			runOnlyForDeploymentPostprocessing = 0;
		};
/* End PBXFrameworksBuildPhase section */

/* Begin PBXGroup section */
		9DEB9ED324EEB010001610D5 = {
			isa = PBXGroup;
			children = (
				9DEB9EDE24EEB010001610D5 /* MyAlbumV4 */,
				9DEB9EDD24EEB010001610D5 /* Products */,
			);
			sourceTree = "<group>";
		};
		9DEB9EDD24EEB010001610D5 /* Products */ = {
			isa = PBXGroup;
			children = (
				9DEB9EDC24EEB010001610D5 /* MyAlbumV4.app */,
			);
			name = Products;
			sourceTree = "<group>";
		};
		9DEB9EDE24EEB010001610D5 /* MyAlbumV4 */ = {
			isa = PBXGroup;
			children = (
				9DEB9EDF24EEB010001610D5 /* AppDelegate.swift */,
				9DEB9EE124EEB010001610D5 /* SceneDelegate.swift */,
				9DEB9EE324EEB010001610D5 /* ViewController.swift */,
				9DE2415824F0CA61006A2D69 /* ImageZoomViewController.swift */,
				9DEB9EF324EEBDAB001610D5 /* FirstCollectionViewCell.swift */,
				9DEB9EE524EEB010001610D5 /* Main.storyboard */,
				9DEB9EE824EEB011001610D5 /* Assets.xcassets */,
				9DEB9EEA24EEB011001610D5 /* LaunchScreen.storyboard */,
				9DEB9EED24EEB011001610D5 /* Info.plist */,
			);
			path = MyAlbumV4;
			sourceTree = "<group>";
		};
/* End PBXGroup section */

/* Begin PBXNativeTarget section */
		9DEB9EDB24EEB010001610D5 /* MyAlbumV4 */ = {
			isa = PBXNativeTarget;
			buildConfigurationList = 9DEB9EF024EEB011001610D5 /* Build configuration list for PBXNativeTarget "MyAlbumV4" */;
			buildPhases = (
				9DEB9ED824EEB010001610D5 /* Sources */,
				9DEB9ED924EEB010001610D5 /* Frameworks */,
				9DEB9EDA24EEB010001610D5 /* Resources */,
			);
			buildRules = (
			);
			dependencies = (
			);
			name = MyAlbumV4;
			productName = MyAlbumV4;
			productReference = 9DEB9EDC24EEB010001610D5 /* MyAlbumV4.app */;
			productType = "com.apple.product-type.application";
		};
/* End PBXNativeTarget section */

/* Begin PBXProject section */
		9DEB9ED424EEB010001610D5 /* Project object */ = {
			isa = PBXProject;
			attributes = {
				LastSwiftUpdateCheck = 1160;
				LastUpgradeCheck = 1160;
				ORGANIZATIONNAME = "최원석";
				TargetAttributes = {
					9DEB9EDB24EEB010001610D5 = {
						CreatedOnToolsVersion = 11.6;
					};
				};
			};
			buildConfigurationList = 9DEB9ED724EEB010001610D5 /* Build configuration list for PBXProject "MyAlbumV4" */;
			compatibilityVersion = "Xcode 9.3";
			developmentRegion = en;
			hasScannedForEncodings = 0;
			knownRegions = (
				en,
				Base,
			);
			mainGroup = 9DEB9ED324EEB010001610D5;
			productRefGroup = 9DEB9EDD24EEB010001610D5 /* Products */;
			projectDirPath = "";
			projectRoot = "";
			targets = (
				9DEB9EDB24EEB010001610D5 /* MyAlbumV4 */,
			);
		};
/* End PBXProject section */

/* Begin PBXResourcesBuildPhase section */
		9DEB9EDA24EEB010001610D5 /* Resources */ = {
			isa = PBXResourcesBuildPhase;
			buildActionMask = 2147483647;
			files = (
				9DEB9EEC24EEB011001610D5 /* LaunchScreen.storyboard in Resources */,
				9DEB9EE924EEB011001610D5 /* Assets.xcassets in Resources */,
				9DEB9EE724EEB010001610D5 /* Main.storyboard in Resources */,
			);
			runOnlyForDeploymentPostprocessing = 0;
		};
/* End PBXResourcesBuildPhase section */

/* Begin PBXSourcesBuildPhase section */
		9DEB9ED824EEB010001610D5 /* Sources */ = {
			isa = PBXSourcesBuildPhase;
			buildActionMask = 2147483647;
			files = (
				9DEB9EE424EEB010001610D5 /* ViewController.swift in Sources */,
				9DEB9EE024EEB010001610D5 /* AppDelegate.swift in Sources */,
				9DE2415924F0CA61006A2D69 /* ImageZoomViewController.swift in Sources */,
				9DEB9EE224EEB010001610D5 /* SceneDelegate.swift in Sources */,
				9DEB9EF424EEBDAB001610D5 /* FirstCollectionViewCell.swift in Sources */,
			);
			runOnlyForDeploymentPostprocessing = 0;
		};
/* End PBXSourcesBuildPhase section */

/* Begin PBXVariantGroup section */
		9DEB9EE524EEB010001610D5 /* Main.storyboard */ = {
			isa = PBXVariantGroup;
			children = (
				9DEB9EE624EEB010001610D5 /* Base */,
			);
			name = Main.storyboard;
			sourceTree = "<group>";
		};
		9DEB9EEA24EEB011001610D5 /* LaunchScreen.storyboard */ = {
			isa = PBXVariantGroup;
			children = (
				9DEB9EEB24EEB011001610D5 /* Base */,
			);
			name = LaunchScreen.storyboard;
			sourceTree = "<group>";
		};
/* End PBXVariantGroup section */

/* Begin XCBuildConfiguration section */
		9DEB9EEE24EEB011001610D5 /* Debug */ = {
			isa = XCBuildConfiguration;
			buildSettings = {
				ALWAYS_SEARCH_USER_PATHS = NO;
				CLANG_ANALYZER_NONNULL = YES;
				CLANG_ANALYZER_NUMBER_OBJECT_CONVERSION = YES_AGGRESSIVE;
				CLANG_CXX_LANGUAGE_STANDARD = "gnu++14";
				CLANG_CXX_LIBRARY = "libc++";
				CLANG_ENABLE_MODULES = YES;
				CLANG_ENABLE_OBJC_ARC = YES;
				CLANG_ENABLE_OBJC_WEAK = YES;
				CLANG_WARN_BLOCK_CAPTURE_AUTORELEASING = YES;
				CLANG_WARN_BOOL_CONVERSION = YES;
				CLANG_WARN_COMMA = YES;
				CLANG_WARN_CONSTANT_CONVERSION = YES;
				CLANG_WARN_DEPRECATED_OBJC_IMPLEMENTATIONS = YES;
				CLANG_WARN_DIRECT_OBJC_ISA_USAGE = YES_ERROR;
				CLANG_WARN_DOCUMENTATION_COMMENTS = YES;
				CLANG_WARN_EMPTY_BODY = YES;
				CLANG_WARN_ENUM_CONVERSION = YES;
				CLANG_WARN_INFINITE_RECURSION = YES;
				CLANG_WARN_INT_CONVERSION = YES;
				CLANG_WARN_NON_LITERAL_NULL_CONVERSION = YES;
				CLANG_WARN_OBJC_IMPLICIT_RETAIN_SELF = YES;
				CLANG_WARN_OBJC_LITERAL_CONVERSION = YES;
				CLANG_WARN_OBJC_ROOT_CLASS = YES_ERROR;
				CLANG_WARN_RANGE_LOOP_ANALYSIS = YES;
				CLANG_WARN_STRICT_PROTOTYPES = YES;
				CLANG_WARN_SUSPICIOUS_MOVE = YES;
				CLANG_WARN_UNGUARDED_AVAILABILITY = YES_AGGRESSIVE;
				CLANG_WARN_UNREACHABLE_CODE = YES;
				CLANG_WARN__DUPLICATE_METHOD_MATCH = YES;
				COPY_PHASE_STRIP = NO;
				DEBUG_INFORMATION_FORMAT = dwarf;
				ENABLE_STRICT_OBJC_MSGSEND = YES;
				ENABLE_TESTABILITY = YES;
				GCC_C_LANGUAGE_STANDARD = gnu11;
				GCC_DYNAMIC_NO_PIC = NO;
				GCC_NO_COMMON_BLOCKS = YES;
				GCC_OPTIMIZATION_LEVEL = 0;
				GCC_PREPROCESSOR_DEFINITIONS = (
					"DEBUG=1",
					"$(inherited)",
				);
				GCC_WARN_64_TO_32_BIT_CONVERSION = YES;
				GCC_WARN_ABOUT_RETURN_TYPE = YES_ERROR;
				GCC_WARN_UNDECLARED_SELECTOR = YES;
				GCC_WARN_UNINITIALIZED_AUTOS = YES_AGGRESSIVE;
				GCC_WARN_UNUSED_FUNCTION = YES;
				GCC_WARN_UNUSED_VARIABLE = YES;
				IPHONEOS_DEPLOYMENT_TARGET = 13.6;
				MTL_ENABLE_DEBUG_INFO = INCLUDE_SOURCE;
				MTL_FAST_MATH = YES;
				ONLY_ACTIVE_ARCH = YES;
				SDKROOT = iphoneos;
				SWIFT_ACTIVE_COMPILATION_CONDITIONS = DEBUG;
				SWIFT_OPTIMIZATION_LEVEL = "-Onone";
			};
			name = Debug;
		};
		9DEB9EEF24EEB011001610D5 /* Release */ = {
			isa = XCBuildConfiguration;
			buildSettings = {
				ALWAYS_SEARCH_USER_PATHS = NO;
				CLANG_ANALYZER_NONNULL = YES;
				CLANG_ANALYZER_NUMBER_OBJECT_CONVERSION = YES_AGGRESSIVE;
				CLANG_CXX_LANGUAGE_STANDARD = "gnu++14";
				CLANG_CXX_LIBRARY = "libc++";
				CLANG_ENABLE_MODULES = YES;
				CLANG_ENABLE_OBJC_ARC = YES;
				CLANG_ENABLE_OBJC_WEAK = YES;
				CLANG_WARN_BLOCK_CAPTURE_AUTORELEASING = YES;
				CLANG_WARN_BOOL_CONVERSION = YES;
				CLANG_WARN_COMMA = YES;
				CLANG_WARN_CONSTANT_CONVERSION = YES;
				CLANG_WARN_DEPRECATED_OBJC_IMPLEMENTATIONS = YES;
				CLANG_WARN_DIRECT_OBJC_ISA_USAGE = YES_ERROR;
				CLANG_WARN_DOCUMENTATION_COMMENTS = YES;
				CLANG_WARN_EMPTY_BODY = YES;
				CLANG_WARN_ENUM_CONVERSION = YES;
				CLANG_WARN_INFINITE_RECURSION = YES;
				CLANG_WARN_INT_CONVERSION = YES;
				CLANG_WARN_NON_LITERAL_NULL_CONVERSION = YES;
				CLANG_WARN_OBJC_IMPLICIT_RETAIN_SELF = YES;
				CLANG_WARN_OBJC_LITERAL_CONVERSION = YES;
				CLANG_WARN_OBJC_ROOT_CLASS = YES_ERROR;
				CLANG_WARN_RANGE_LOOP_ANALYSIS = YES;
				CLANG_WARN_STRICT_PROTOTYPES = YES;
				CLANG_WARN_SUSPICIOUS_MOVE = YES;
				CLANG_WARN_UNGUARDED_AVAILABILITY = YES_AGGRESSIVE;
				CLANG_WARN_UNREACHABLE_CODE = YES;
				CLANG_WARN__DUPLICATE_METHOD_MATCH = YES;
				COPY_PHASE_STRIP = NO;
				DEBUG_INFORMATION_FORMAT = "dwarf-with-dsym";
				ENABLE_NS_ASSERTIONS = NO;
				ENABLE_STRICT_OBJC_MSGSEND = YES;
				GCC_C_LANGUAGE_STANDARD = gnu11;
				GCC_NO_COMMON_BLOCKS = YES;
				GCC_WARN_64_TO_32_BIT_CONVERSION = YES;
				GCC_WARN_ABOUT_RETURN_TYPE = YES_ERROR;
				GCC_WARN_UNDECLARED_SELECTOR = YES;
				GCC_WARN_UNINITIALIZED_AUTOS = YES_AGGRESSIVE;
				GCC_WARN_UNUSED_FUNCTION = YES;
				GCC_WARN_UNUSED_VARIABLE = YES;
				IPHONEOS_DEPLOYMENT_TARGET = 13.6;
				MTL_ENABLE_DEBUG_INFO = NO;
				MTL_FAST_MATH = YES;
				SDKROOT = iphoneos;
				SWIFT_COMPILATION_MODE = wholemodule;
				SWIFT_OPTIMIZATION_LEVEL = "-O";
				VALIDATE_PRODUCT = YES;
			};
			name = Release;
		};
		9DEB9EF124EEB011001610D5 /* Debug */ = {
			isa = XCBuildConfiguration;
			buildSettings = {
				ASSETCATALOG_COMPILER_APPICON_NAME = AppIcon;
				CODE_SIGN_STYLE = Automatic;
				INFOPLIST_FILE = MyAlbumV4/Info.plist;
				LD_RUNPATH_SEARCH_PATHS = (
					"$(inherited)",
					"@executable_path/Frameworks",
				);
				PRODUCT_BUNDLE_IDENTIFIER = com.wonseok.MyAlbumV4;
				PRODUCT_NAME = "$(TARGET_NAME)";
				SWIFT_VERSION = 5.0;
				TARGETED_DEVICE_FAMILY = "1,2";
			};
			name = Debug;
		};
		9DEB9EF224EEB011001610D5 /* Release */ = {
			isa = XCBuildConfiguration;
			buildSettings = {
				ASSETCATALOG_COMPILER_APPICON_NAME = AppIcon;
				CODE_SIGN_STYLE = Automatic;
				INFOPLIST_FILE = MyAlbumV4/Info.plist;
				LD_RUNPATH_SEARCH_PATHS = (
					"$(inherited)",
					"@executable_path/Frameworks",
				);
				PRODUCT_BUNDLE_IDENTIFIER = com.wonseok.MyAlbumV4;
				PRODUCT_NAME = "$(TARGET_NAME)";
				SWIFT_VERSION = 5.0;
				TARGETED_DEVICE_FAMILY = "1,2";
			};
			name = Release;
		};
/* End XCBuildConfiguration section */

/* Begin XCConfigurationList section */
		9DEB9ED724EEB010001610D5 /* Build configuration list for PBXProject "MyAlbumV4" */ = {
			isa = XCConfigurationList;
			buildConfigurations = (
				9DEB9EEE24EEB011001610D5 /* Debug */,
				9DEB9EEF24EEB011001610D5 /* Release */,
			);
			defaultConfigurationIsVisible = 0;
			defaultConfigurationName = Release;
		};
		9DEB9EF024EEB011001610D5 /* Build configuration list for PBXNativeTarget "MyAlbumV4" */ = {
			isa = XCConfigurationList;
			buildConfigurations = (
				9DEB9EF124EEB011001610D5 /* Debug */,
				9DEB9EF224EEB011001610D5 /* Release */,
			);
			defaultConfigurationIsVisible = 0;
			defaultConfigurationName = Release;
		};
/* End XCConfigurationList section */
	};
	rootObject = 9DEB9ED424EEB010001610D5 /* Project object */;
}
